
Microsoft Visual Studio Solution File, Format Version 12.00
# Visual Studio Version 17
VisualStudioVersion = 17.7.33711.374
MinimumVisualStudioVersion = 10.0.40219.1
Project("{9A19103F-16F7-4668-BE54-9A1E7A4F7556}") = "MvcLayer", "MvcLayer.csproj", "{4DE278F4-A243-4169-BAC6-5CCE1B82ACD8}"
EndProject
Project("{9A19103F-16F7-4668-BE54-9A1E7A4F7556}") = "BusinessLayer", "..\BusinessLayer\BusinessLayer.csproj", "{7A5AD6A0-A7D6-469C-AA34-0DBDF1A55B99}"
EndProject
Project("{9A19103F-16F7-4668-BE54-9A1E7A4F7556}") = "DatabaseLayer", "..\DatabaseLayer\DatabaseLayer.csproj", "{53416DA3-2F83-4958-BE6C-97529F838C34}"
EndProject
Global
	GlobalSection(SolutionConfigurationPlatforms) = preSolution
		Debug|Any CPU = Debug|Any CPU
		Release|Any CPU = Release|Any CPU
	EndGlobalSection
	GlobalSection(ProjectConfigurationPlatforms) = postSolution
		{4DE278F4-A243-4169-BAC6-5CCE1B82ACD8}.Debug|Any CPU.ActiveCfg = Debug|Any CPU
		{4DE278F4-A243-4169-BAC6-5CCE1B82ACD8}.Debug|Any CPU.Build.0 = Debug|Any CPU
		{4DE278F4-A243-4169-BAC6-5CCE1B82ACD8}.Release|Any CPU.ActiveCfg = Release|Any CPU
		{4DE278F4-A243-4169-BAC6-5CCE1B82ACD8}.Release|Any CPU.Build.0 = Release|Any CPU
		{7A5AD6A0-A7D6-469C-AA34-0DBDF1A55B99}.Debug|Any CPU.ActiveCfg = Debug|Any CPU
		{7A5AD6A0-A7D6-469C-AA34-0DBDF1A55B99}.Debug|Any CPU.Build.0 = Debug|Any CPU
		{7A5AD6A0-A7D6-469C-AA34-0DBDF1A55B99}.Release|Any CPU.ActiveCfg = Release|Any CPU
		{7A5AD6A0-A7D6-469C-AA34-0DBDF1A55B99}.Release|Any CPU.Build.0 = Release|Any CPU
		{53416DA3-2F83-4958-BE6C-97529F838C34}.Debug|Any CPU.ActiveCfg = Debug|Any CPU
		{53416DA3-2F83-4958-BE6C-97529F838C34}.Debug|Any CPU.Build.0 = Debug|Any CPU
		{53416DA3-2F83-4958-BE6C-97529F838C34}.Release|Any CPU.ActiveCfg = Release|Any CPU
		{53416DA3-2F83-4958-BE6C-97529F838C34}.Release|Any CPU.Build.0 = Release|Any CPU
	EndGlobalSection
	GlobalSection(SolutionProperties) = preSolution
		HideSolutionNode = FALSE
	EndGlobalSection
	GlobalSection(ExtensibilityGlobals) = postSolution
		SolutionGuid = {D83713BF-AB6C-4FB6-B1BF-0FBF7936FF6F}
	EndGlobalSection
EndGlobal
